// !$*UTF8*$!
{
	archiveVersion = 1;
	classes = {
	};
	objectVersion = 56;
	objects = {

/* Begin PBXBuildFile section */
		C33B2D202AE9AE4000DF53A9 /* WatTheDataApp.swift in Sources */ = {isa = PBXBuildFile; fileRef = C33B2D1F2AE9AE4000DF53A9 /* WatTheDataApp.swift */; };
		C33B2D222AE9AE4000DF53A9 /* ContentView.swift in Sources */ = {isa = PBXBuildFile; fileRef = C33B2D212AE9AE4000DF53A9 /* ContentView.swift */; };
		C33B2D242AE9AE4000DF53A9 /* Post.swift in Sources */ = {isa = PBXBuildFile; fileRef = C33B2D232AE9AE4000DF53A9 /* Post.swift */; };
		C33B2D262AE9AE4100DF53A9 /* Assets.xcassets in Resources */ = {isa = PBXBuildFile; fileRef = C33B2D252AE9AE4100DF53A9 /* Assets.xcassets */; };
		C33B2D292AE9AE4100DF53A9 /* Preview Assets.xcassets in Resources */ = {isa = PBXBuildFile; fileRef = C33B2D282AE9AE4100DF53A9 /* Preview Assets.xcassets */; };
		C33B2D342AE9AE4100DF53A9 /* WatTheDataTests.swift in Sources */ = {isa = PBXBuildFile; fileRef = C33B2D332AE9AE4100DF53A9 /* WatTheDataTests.swift */; };
		C33B2D3E2AE9AE4100DF53A9 /* WatTheDataUITests.swift in Sources */ = {isa = PBXBuildFile; fileRef = C33B2D3D2AE9AE4100DF53A9 /* WatTheDataUITests.swift */; };
		C33B2D402AE9AE4100DF53A9 /* WatTheDataUITestsLaunchTests.swift in Sources */ = {isa = PBXBuildFile; fileRef = C33B2D3F2AE9AE4100DF53A9 /* WatTheDataUITestsLaunchTests.swift */; };
		C33B2D4E2AE9AEFC00DF53A9 /* PostResource.swift in Sources */ = {isa = PBXBuildFile; fileRef = C33B2D4D2AE9AEFC00DF53A9 /* PostResource.swift */; };
		C33B2D502AE9AF0400DF53A9 /* AuthorResource.swift in Sources */ = {isa = PBXBuildFile; fileRef = C33B2D4F2AE9AF0400DF53A9 /* AuthorResource.swift */; };
		C33B2D542AE9AF8000DF53A9 /* PostService.swift in Sources */ = {isa = PBXBuildFile; fileRef = C33B2D532AE9AF8000DF53A9 /* PostService.swift */; };
		C33B2D572AE9B4BF00DF53A9 /* Author.swift in Sources */ = {isa = PBXBuildFile; fileRef = C33B2D562AE9B4BF00DF53A9 /* Author.swift */; };
/* End PBXBuildFile section */

/* Begin PBXContainerItemProxy section */
		C33B2D302AE9AE4100DF53A9 /* PBXContainerItemProxy */ = {
			isa = PBXContainerItemProxy;
			containerPortal = C33B2D142AE9AE4000DF53A9 /* Project object */;
			proxyType = 1;
			remoteGlobalIDString = C33B2D1B2AE9AE4000DF53A9;
			remoteInfo = WatTheData;
		};
		C33B2D3A2AE9AE4100DF53A9 /* PBXContainerItemProxy */ = {
			isa = PBXContainerItemProxy;
			containerPortal = C33B2D142AE9AE4000DF53A9 /* Project object */;
			proxyType = 1;
			remoteGlobalIDString = C33B2D1B2AE9AE4000DF53A9;
			remoteInfo = WatTheData;
		};
/* End PBXContainerItemProxy section */

/* Begin PBXFileReference section */
		C33B2D1C2AE9AE4000DF53A9 /* WatTheData.app */ = {isa = PBXFileReference; explicitFileType = wrapper.application; includeInIndex = 0; path = WatTheData.app; sourceTree = BUILT_PRODUCTS_DIR; };
		C33B2D1F2AE9AE4000DF53A9 /* WatTheDataApp.swift */ = {isa = PBXFileReference; lastKnownFileType = sourcecode.swift; path = WatTheDataApp.swift; sourceTree = "<group>"; };
		C33B2D212AE9AE4000DF53A9 /* ContentView.swift */ = {isa = PBXFileReference; lastKnownFileType = sourcecode.swift; path = ContentView.swift; sourceTree = "<group>"; };
		C33B2D232AE9AE4000DF53A9 /* Post.swift */ = {isa = PBXFileReference; lastKnownFileType = sourcecode.swift; path = Post.swift; sourceTree = "<group>"; };
		C33B2D252AE9AE4100DF53A9 /* Assets.xcassets */ = {isa = PBXFileReference; lastKnownFileType = folder.assetcatalog; path = Assets.xcassets; sourceTree = "<group>"; };
		C33B2D282AE9AE4100DF53A9 /* Preview Assets.xcassets */ = {isa = PBXFileReference; lastKnownFileType = folder.assetcatalog; path = "Preview Assets.xcassets"; sourceTree = "<group>"; };
		C33B2D2A2AE9AE4100DF53A9 /* WatTheData.entitlements */ = {isa = PBXFileReference; lastKnownFileType = text.plist.entitlements; path = WatTheData.entitlements; sourceTree = "<group>"; };
		C33B2D2F2AE9AE4100DF53A9 /* WatTheDataTests.xctest */ = {isa = PBXFileReference; explicitFileType = wrapper.cfbundle; includeInIndex = 0; path = WatTheDataTests.xctest; sourceTree = BUILT_PRODUCTS_DIR; };
		C33B2D332AE9AE4100DF53A9 /* WatTheDataTests.swift */ = {isa = PBXFileReference; lastKnownFileType = sourcecode.swift; path = WatTheDataTests.swift; sourceTree = "<group>"; };
		C33B2D392AE9AE4100DF53A9 /* WatTheDataUITests.xctest */ = {isa = PBXFileReference; explicitFileType = wrapper.cfbundle; includeInIndex = 0; path = WatTheDataUITests.xctest; sourceTree = BUILT_PRODUCTS_DIR; };
		C33B2D3D2AE9AE4100DF53A9 /* WatTheDataUITests.swift */ = {isa = PBXFileReference; lastKnownFileType = sourcecode.swift; path = WatTheDataUITests.swift; sourceTree = "<group>"; };
		C33B2D3F2AE9AE4100DF53A9 /* WatTheDataUITestsLaunchTests.swift */ = {isa = PBXFileReference; lastKnownFileType = sourcecode.swift; path = WatTheDataUITestsLaunchTests.swift; sourceTree = "<group>"; };
		C33B2D4D2AE9AEFC00DF53A9 /* PostResource.swift */ = {isa = PBXFileReference; lastKnownFileType = sourcecode.swift; path = PostResource.swift; sourceTree = "<group>"; };
		C33B2D4F2AE9AF0400DF53A9 /* AuthorResource.swift */ = {isa = PBXFileReference; lastKnownFileType = sourcecode.swift; path = AuthorResource.swift; sourceTree = "<group>"; };
		C33B2D532AE9AF8000DF53A9 /* PostService.swift */ = {isa = PBXFileReference; lastKnownFileType = sourcecode.swift; path = PostService.swift; sourceTree = "<group>"; };
		C33B2D562AE9B4BF00DF53A9 /* Author.swift */ = {isa = PBXFileReference; lastKnownFileType = sourcecode.swift; path = Author.swift; sourceTree = "<group>"; };
/* End PBXFileReference section */

/* Begin PBXFrameworksBuildPhase section */
		C33B2D192AE9AE4000DF53A9 /* Frameworks */ = {
			isa = PBXFrameworksBuildPhase;
			buildActionMask = 2147483647;
			files = (
			);
			runOnlyForDeploymentPostprocessing = 0;
		};
		C33B2D2C2AE9AE4100DF53A9 /* Frameworks */ = {
			isa = PBXFrameworksBuildPhase;
			buildActionMask = 2147483647;
			files = (
			);
			runOnlyForDeploymentPostprocessing = 0;
		};
		C33B2D362AE9AE4100DF53A9 /* Frameworks */ = {
			isa = PBXFrameworksBuildPhase;
			buildActionMask = 2147483647;
			files = (
			);
			runOnlyForDeploymentPostprocessing = 0;
		};
/* End PBXFrameworksBuildPhase section */

/* Begin PBXGroup section */
		C33B2D132AE9AE4000DF53A9 = {
			isa = PBXGroup;
			children = (
				C33B2D1E2AE9AE4000DF53A9 /* WatTheData */,
				C33B2D322AE9AE4100DF53A9 /* WatTheDataTests */,
				C33B2D3C2AE9AE4100DF53A9 /* WatTheDataUITests */,
				C33B2D1D2AE9AE4000DF53A9 /* Products */,
			);
			sourceTree = "<group>";
		};
		C33B2D1D2AE9AE4000DF53A9 /* Products */ = {
			isa = PBXGroup;
			children = (
				C33B2D1C2AE9AE4000DF53A9 /* WatTheData.app */,
				C33B2D2F2AE9AE4100DF53A9 /* WatTheDataTests.xctest */,
				C33B2D392AE9AE4100DF53A9 /* WatTheDataUITests.xctest */,
			);
			name = Products;
			sourceTree = "<group>";
		};
		C33B2D1E2AE9AE4000DF53A9 /* WatTheData */ = {
			isa = PBXGroup;
			children = (
				C33B2D552AE9B0A100DF53A9 /* Models */,
				C33B2D522AE9AF6F00DF53A9 /* Services */,
				C33B2D4C2AE9AEEC00DF53A9 /* Resources */,
				C33B2D1F2AE9AE4000DF53A9 /* WatTheDataApp.swift */,
				C33B2D212AE9AE4000DF53A9 /* ContentView.swift */,
				C33B2D252AE9AE4100DF53A9 /* Assets.xcassets */,
				C33B2D2A2AE9AE4100DF53A9 /* WatTheData.entitlements */,
				C33B2D272AE9AE4100DF53A9 /* Preview Content */,
			);
			path = WatTheData;
			sourceTree = "<group>";
		};
		C33B2D272AE9AE4100DF53A9 /* Preview Content */ = {
			isa = PBXGroup;
			children = (
				C33B2D282AE9AE4100DF53A9 /* Preview Assets.xcassets */,
			);
			path = "Preview Content";
			sourceTree = "<group>";
		};
		C33B2D322AE9AE4100DF53A9 /* WatTheDataTests */ = {
			isa = PBXGroup;
			children = (
				C33B2D332AE9AE4100DF53A9 /* WatTheDataTests.swift */,
			);
			path = WatTheDataTests;
			sourceTree = "<group>";
		};
		C33B2D3C2AE9AE4100DF53A9 /* WatTheDataUITests */ = {
			isa = PBXGroup;
			children = (
				C33B2D3D2AE9AE4100DF53A9 /* WatTheDataUITests.swift */,
				C33B2D3F2AE9AE4100DF53A9 /* WatTheDataUITestsLaunchTests.swift */,
			);
			path = WatTheDataUITests;
			sourceTree = "<group>";
		};
		C33B2D4C2AE9AEEC00DF53A9 /* Resources */ = {
			isa = PBXGroup;
			children = (
				C33B2D4D2AE9AEFC00DF53A9 /* PostResource.swift */,
				C33B2D4F2AE9AF0400DF53A9 /* AuthorResource.swift */,
			);
			path = Resources;
			sourceTree = "<group>";
		};
		C33B2D522AE9AF6F00DF53A9 /* Services */ = {
			isa = PBXGroup;
			children = (
				C33B2D532AE9AF8000DF53A9 /* PostService.swift */,
			);
			path = Services;
			sourceTree = "<group>";
		};
		C33B2D552AE9B0A100DF53A9 /* Models */ = {
			isa = PBXGroup;
			children = (
				C33B2D232AE9AE4000DF53A9 /* Post.swift */,
				C33B2D562AE9B4BF00DF53A9 /* Author.swift */,
			);
			path = Models;
			sourceTree = "<group>";
		};
/* End PBXGroup section */

/* Begin PBXNativeTarget section */
		C33B2D1B2AE9AE4000DF53A9 /* WatTheData */ = {
			isa = PBXNativeTarget;
			buildConfigurationList = C33B2D432AE9AE4100DF53A9 /* Build configuration list for PBXNativeTarget "WatTheData" */;
			buildPhases = (
				C33B2D182AE9AE4000DF53A9 /* Sources */,
				C33B2D192AE9AE4000DF53A9 /* Frameworks */,
				C33B2D1A2AE9AE4000DF53A9 /* Resources */,
			);
			buildRules = (
			);
			dependencies = (
			);
			name = WatTheData;
			productName = WatTheData;
			productReference = C33B2D1C2AE9AE4000DF53A9 /* WatTheData.app */;
			productType = "com.apple.product-type.application";
		};
		C33B2D2E2AE9AE4100DF53A9 /* WatTheDataTests */ = {
			isa = PBXNativeTarget;
			buildConfigurationList = C33B2D462AE9AE4100DF53A9 /* Build configuration list for PBXNativeTarget "WatTheDataTests" */;
			buildPhases = (
				C33B2D2B2AE9AE4100DF53A9 /* Sources */,
				C33B2D2C2AE9AE4100DF53A9 /* Frameworks */,
				C33B2D2D2AE9AE4100DF53A9 /* Resources */,
			);
			buildRules = (
			);
			dependencies = (
				C33B2D312AE9AE4100DF53A9 /* PBXTargetDependency */,
			);
			name = WatTheDataTests;
			productName = WatTheDataTests;
			productReference = C33B2D2F2AE9AE4100DF53A9 /* WatTheDataTests.xctest */;
			productType = "com.apple.product-type.bundle.unit-test";
		};
		C33B2D382AE9AE4100DF53A9 /* WatTheDataUITests */ = {
			isa = PBXNativeTarget;
			buildConfigurationList = C33B2D492AE9AE4100DF53A9 /* Build configuration list for PBXNativeTarget "WatTheDataUITests" */;
			buildPhases = (
				C33B2D352AE9AE4100DF53A9 /* Sources */,
				C33B2D362AE9AE4100DF53A9 /* Frameworks */,
				C33B2D372AE9AE4100DF53A9 /* Resources */,
			);
			buildRules = (
			);
			dependencies = (
				C33B2D3B2AE9AE4100DF53A9 /* PBXTargetDependency */,
			);
			name = WatTheDataUITests;
			productName = WatTheDataUITests;
			productReference = C33B2D392AE9AE4100DF53A9 /* WatTheDataUITests.xctest */;
			productType = "com.apple.product-type.bundle.ui-testing";
		};
/* End PBXNativeTarget section */

/* Begin PBXProject section */
		C33B2D142AE9AE4000DF53A9 /* Project object */ = {
			isa = PBXProject;
			attributes = {
				BuildIndependentTargetsInParallel = 1;
				LastSwiftUpdateCheck = 1500;
				LastUpgradeCheck = 1500;
				TargetAttributes = {
					C33B2D1B2AE9AE4000DF53A9 = {
						CreatedOnToolsVersion = 15.0.1;
					};
					C33B2D2E2AE9AE4100DF53A9 = {
						CreatedOnToolsVersion = 15.0.1;
						TestTargetID = C33B2D1B2AE9AE4000DF53A9;
					};
					C33B2D382AE9AE4100DF53A9 = {
						CreatedOnToolsVersion = 15.0.1;
						TestTargetID = C33B2D1B2AE9AE4000DF53A9;
					};
				};
			};
			buildConfigurationList = C33B2D172AE9AE4000DF53A9 /* Build configuration list for PBXProject "WatTheData" */;
			compatibilityVersion = "Xcode 14.0";
			developmentRegion = en;
			hasScannedForEncodings = 0;
			knownRegions = (
				en,
				Base,
			);
			mainGroup = C33B2D132AE9AE4000DF53A9;
			productRefGroup = C33B2D1D2AE9AE4000DF53A9 /* Products */;
			projectDirPath = "";
			projectRoot = "";
			targets = (
				C33B2D1B2AE9AE4000DF53A9 /* WatTheData */,
				C33B2D2E2AE9AE4100DF53A9 /* WatTheDataTests */,
				C33B2D382AE9AE4100DF53A9 /* WatTheDataUITests */,
			);
		};
/* End PBXProject section */

/* Begin PBXResourcesBuildPhase section */
		C33B2D1A2AE9AE4000DF53A9 /* Resources */ = {
			isa = PBXResourcesBuildPhase;
			buildActionMask = 2147483647;
			files = (
				C33B2D292AE9AE4100DF53A9 /* Preview Assets.xcassets in Resources */,
				C33B2D262AE9AE4100DF53A9 /* Assets.xcassets in Resources */,
			);
			runOnlyForDeploymentPostprocessing = 0;
		};
		C33B2D2D2AE9AE4100DF53A9 /* Resources */ = {
			isa = PBXResourcesBuildPhase;
			buildActionMask = 2147483647;
			files = (
			);
			runOnlyForDeploymentPostprocessing = 0;
		};
		C33B2D372AE9AE4100DF53A9 /* Resources */ = {
			isa = PBXResourcesBuildPhase;
			buildActionMask = 2147483647;
			files = (
			);
			runOnlyForDeploymentPostprocessing = 0;
		};
/* End PBXResourcesBuildPhase section */

/* Begin PBXSourcesBuildPhase section */
		C33B2D182AE9AE4000DF53A9 /* Sources */ = {
			isa = PBXSourcesBuildPhase;
			buildActionMask = 2147483647;
			files = (
				C33B2D222AE9AE4000DF53A9 /* ContentView.swift in Sources */,
				C33B2D542AE9AF8000DF53A9 /* PostService.swift in Sources */,
				C33B2D502AE9AF0400DF53A9 /* AuthorResource.swift in Sources */,
				C33B2D242AE9AE4000DF53A9 /* Post.swift in Sources */,
				C33B2D202AE9AE4000DF53A9 /* WatTheDataApp.swift in Sources */,
				C33B2D572AE9B4BF00DF53A9 /* Author.swift in Sources */,
				C33B2D4E2AE9AEFC00DF53A9 /* PostResource.swift in Sources */,
			);
			runOnlyForDeploymentPostprocessing = 0;
		};
		C33B2D2B2AE9AE4100DF53A9 /* Sources */ = {
			isa = PBXSourcesBuildPhase;
			buildActionMask = 2147483647;
			files = (
				C33B2D342AE9AE4100DF53A9 /* WatTheDataTests.swift in Sources */,
			);
			runOnlyForDeploymentPostprocessing = 0;
		};
		C33B2D352AE9AE4100DF53A9 /* Sources */ = {
			isa = PBXSourcesBuildPhase;
			buildActionMask = 2147483647;
			files = (
				C33B2D3E2AE9AE4100DF53A9 /* WatTheDataUITests.swift in Sources */,
				C33B2D402AE9AE4100DF53A9 /* WatTheDataUITestsLaunchTests.swift in Sources */,
			);
			runOnlyForDeploymentPostprocessing = 0;
		};
/* End PBXSourcesBuildPhase section */

/* Begin PBXTargetDependency section */
		C33B2D312AE9AE4100DF53A9 /* PBXTargetDependency */ = {
			isa = PBXTargetDependency;
			target = C33B2D1B2AE9AE4000DF53A9 /* WatTheData */;
			targetProxy = C33B2D302AE9AE4100DF53A9 /* PBXContainerItemProxy */;
		};
		C33B2D3B2AE9AE4100DF53A9 /* PBXTargetDependency */ = {
			isa = PBXTargetDependency;
			target = C33B2D1B2AE9AE4000DF53A9 /* WatTheData */;
			targetProxy = C33B2D3A2AE9AE4100DF53A9 /* PBXContainerItemProxy */;
		};
/* End PBXTargetDependency section */

/* Begin XCBuildConfiguration section */
		C33B2D412AE9AE4100DF53A9 /* Debug */ = {
			isa = XCBuildConfiguration;
			buildSettings = {
				ALWAYS_SEARCH_USER_PATHS = NO;
				ASSETCATALOG_COMPILER_GENERATE_SWIFT_ASSET_SYMBOL_EXTENSIONS = YES;
				CLANG_ANALYZER_NONNULL = YES;
				CLANG_ANALYZER_NUMBER_OBJECT_CONVERSION = YES_AGGRESSIVE;
				CLANG_CXX_LANGUAGE_STANDARD = "gnu++20";
				CLANG_ENABLE_MODULES = YES;
				CLANG_ENABLE_OBJC_ARC = YES;
				CLANG_ENABLE_OBJC_WEAK = YES;
				CLANG_WARN_BLOCK_CAPTURE_AUTORELEASING = YES;
				CLANG_WARN_BOOL_CONVERSION = YES;
				CLANG_WARN_COMMA = YES;
				CLANG_WARN_CONSTANT_CONVERSION = YES;
				CLANG_WARN_DEPRECATED_OBJC_IMPLEMENTATIONS = YES;
				CLANG_WARN_DIRECT_OBJC_ISA_USAGE = YES_ERROR;
				CLANG_WARN_DOCUMENTATION_COMMENTS = YES;
				CLANG_WARN_EMPTY_BODY = YES;
				CLANG_WARN_ENUM_CONVERSION = YES;
				CLANG_WARN_INFINITE_RECURSION = YES;
				CLANG_WARN_INT_CONVERSION = YES;
				CLANG_WARN_NON_LITERAL_NULL_CONVERSION = YES;
				CLANG_WARN_OBJC_IMPLICIT_RETAIN_SELF = YES;
				CLANG_WARN_OBJC_LITERAL_CONVERSION = YES;
				CLANG_WARN_OBJC_ROOT_CLASS = YES_ERROR;
				CLANG_WARN_QUOTED_INCLUDE_IN_FRAMEWORK_HEADER = YES;
				CLANG_WARN_RANGE_LOOP_ANALYSIS = YES;
				CLANG_WARN_STRICT_PROTOTYPES = YES;
				CLANG_WARN_SUSPICIOUS_MOVE = YES;
				CLANG_WARN_UNGUARDED_AVAILABILITY = YES_AGGRESSIVE;
				CLANG_WARN_UNREACHABLE_CODE = YES;
				CLANG_WARN__DUPLICATE_METHOD_MATCH = YES;
				COPY_PHASE_STRIP = NO;
				DEBUG_INFORMATION_FORMAT = dwarf;
				ENABLE_STRICT_OBJC_MSGSEND = YES;
				ENABLE_TESTABILITY = YES;
				ENABLE_USER_SCRIPT_SANDBOXING = YES;
				GCC_C_LANGUAGE_STANDARD = gnu17;
				GCC_DYNAMIC_NO_PIC = NO;
				GCC_NO_COMMON_BLOCKS = YES;
				GCC_OPTIMIZATION_LEVEL = 0;
				GCC_PREPROCESSOR_DEFINITIONS = (
					"DEBUG=1",
					"$(inherited)",
				);
				GCC_WARN_64_TO_32_BIT_CONVERSION = YES;
				GCC_WARN_ABOUT_RETURN_TYPE = YES_ERROR;
				GCC_WARN_UNDECLARED_SELECTOR = YES;
				GCC_WARN_UNINITIALIZED_AUTOS = YES_AGGRESSIVE;
				GCC_WARN_UNUSED_FUNCTION = YES;
				GCC_WARN_UNUSED_VARIABLE = YES;
				LOCALIZATION_PREFERS_STRING_CATALOGS = YES;
				MACOSX_DEPLOYMENT_TARGET = 14.0;
				MTL_ENABLE_DEBUG_INFO = INCLUDE_SOURCE;
				MTL_FAST_MATH = YES;
				ONLY_ACTIVE_ARCH = YES;
				SDKROOT = macosx;
				SWIFT_ACTIVE_COMPILATION_CONDITIONS = "DEBUG $(inherited)";
				SWIFT_OPTIMIZATION_LEVEL = "-Onone";
			};
			name = Debug;
		};
		C33B2D422AE9AE4100DF53A9 /* Release */ = {
			isa = XCBuildConfiguration;
			buildSettings = {
				ALWAYS_SEARCH_USER_PATHS = NO;
				ASSETCATALOG_COMPILER_GENERATE_SWIFT_ASSET_SYMBOL_EXTENSIONS = YES;
				CLANG_ANALYZER_NONNULL = YES;
				CLANG_ANALYZER_NUMBER_OBJECT_CONVERSION = YES_AGGRESSIVE;
				CLANG_CXX_LANGUAGE_STANDARD = "gnu++20";
				CLANG_ENABLE_MODULES = YES;
				CLANG_ENABLE_OBJC_ARC = YES;
				CLANG_ENABLE_OBJC_WEAK = YES;
				CLANG_WARN_BLOCK_CAPTURE_AUTORELEASING = YES;
				CLANG_WARN_BOOL_CONVERSION = YES;
				CLANG_WARN_COMMA = YES;
				CLANG_WARN_CONSTANT_CONVERSION = YES;
				CLANG_WARN_DEPRECATED_OBJC_IMPLEMENTATIONS = YES;
				CLANG_WARN_DIRECT_OBJC_ISA_USAGE = YES_ERROR;
				CLANG_WARN_DOCUMENTATION_COMMENTS = YES;
				CLANG_WARN_EMPTY_BODY = YES;
				CLANG_WARN_ENUM_CONVERSION = YES;
				CLANG_WARN_INFINITE_RECURSION = YES;
				CLANG_WARN_INT_CONVERSION = YES;
				CLANG_WARN_NON_LITERAL_NULL_CONVERSION = YES;
				CLANG_WARN_OBJC_IMPLICIT_RETAIN_SELF = YES;
				CLANG_WARN_OBJC_LITERAL_CONVERSION = YES;
				CLANG_WARN_OBJC_ROOT_CLASS = YES_ERROR;
				CLANG_WARN_QUOTED_INCLUDE_IN_FRAMEWORK_HEADER = YES;
				CLANG_WARN_RANGE_LOOP_ANALYSIS = YES;
				CLANG_WARN_STRICT_PROTOTYPES = YES;
				CLANG_WARN_SUSPICIOUS_MOVE = YES;
				CLANG_WARN_UNGUARDED_AVAILABILITY = YES_AGGRESSIVE;
				CLANG_WARN_UNREACHABLE_CODE = YES;
				CLANG_WARN__DUPLICATE_METHOD_MATCH = YES;
				COPY_PHASE_STRIP = NO;
				DEBUG_INFORMATION_FORMAT = "dwarf-with-dsym";
				ENABLE_NS_ASSERTIONS = NO;
				ENABLE_STRICT_OBJC_MSGSEND = YES;
				ENABLE_USER_SCRIPT_SANDBOXING = YES;
				GCC_C_LANGUAGE_STANDARD = gnu17;
				GCC_NO_COMMON_BLOCKS = YES;
				GCC_WARN_64_TO_32_BIT_CONVERSION = YES;
				GCC_WARN_ABOUT_RETURN_TYPE = YES_ERROR;
				GCC_WARN_UNDECLARED_SELECTOR = YES;
				GCC_WARN_UNINITIALIZED_AUTOS = YES_AGGRESSIVE;
				GCC_WARN_UNUSED_FUNCTION = YES;
				GCC_WARN_UNUSED_VARIABLE = YES;
				LOCALIZATION_PREFERS_STRING_CATALOGS = YES;
				MACOSX_DEPLOYMENT_TARGET = 14.0;
				MTL_ENABLE_DEBUG_INFO = NO;
				MTL_FAST_MATH = YES;
				SDKROOT = macosx;
				SWIFT_COMPILATION_MODE = wholemodule;
			};
			name = Release;
		};
		C33B2D442AE9AE4100DF53A9 /* Debug */ = {
			isa = XCBuildConfiguration;
			buildSettings = {
				ASSETCATALOG_COMPILER_APPICON_NAME = AppIcon;
				ASSETCATALOG_COMPILER_GLOBAL_ACCENT_COLOR_NAME = AccentColor;
				CODE_SIGN_ENTITLEMENTS = WatTheData/WatTheData.entitlements;
				CODE_SIGN_STYLE = Automatic;
				COMBINE_HIDPI_IMAGES = YES;
				CURRENT_PROJECT_VERSION = 1;
				DEVELOPMENT_ASSET_PATHS = "\"WatTheData/Preview Content\"";
				DEVELOPMENT_TEAM = L752KAGG62;
				ENABLE_HARDENED_RUNTIME = YES;
				ENABLE_PREVIEWS = YES;
				GENERATE_INFOPLIST_FILE = YES;
				INFOPLIST_KEY_NSHumanReadableCopyright = "";
				LD_RUNPATH_SEARCH_PATHS = (
					"$(inherited)",
					"@executable_path/../Frameworks",
				);
				MACOSX_DEPLOYMENT_TARGET = 14.0;
				MARKETING_VERSION = 1.0;
				PRODUCT_BUNDLE_IDENTIFIER = com.risbeck.WatTheData;
				PRODUCT_NAME = "$(TARGET_NAME)";
				SWIFT_EMIT_LOC_STRINGS = YES;
				SWIFT_VERSION = 5.0;
			};
			name = Debug;
		};
		C33B2D452AE9AE4100DF53A9 /* Release */ = {
			isa = XCBuildConfiguration;
			buildSettings = {
				ASSETCATALOG_COMPILER_APPICON_NAME = AppIcon;
				ASSETCATALOG_COMPILER_GLOBAL_ACCENT_COLOR_NAME = AccentColor;
				CODE_SIGN_ENTITLEMENTS = WatTheData/WatTheData.entitlements;
				CODE_SIGN_STYLE = Automatic;
				COMBINE_HIDPI_IMAGES = YES;
				CURRENT_PROJECT_VERSION = 1;
				DEVELOPMENT_ASSET_PATHS = "\"WatTheData/Preview Content\"";
				DEVELOPMENT_TEAM = L752KAGG62;
				ENABLE_HARDENED_RUNTIME = YES;
				ENABLE_PREVIEWS = YES;
				GENERATE_INFOPLIST_FILE = YES;
				INFOPLIST_KEY_NSHumanReadableCopyright = "";
				LD_RUNPATH_SEARCH_PATHS = (
					"$(inherited)",
					"@executable_path/../Frameworks",
				);
				MACOSX_DEPLOYMENT_TARGET = 14.0;
				MARKETING_VERSION = 1.0;
				PRODUCT_BUNDLE_IDENTIFIER = com.risbeck.WatTheData;
				PRODUCT_NAME = "$(TARGET_NAME)";
				SWIFT_EMIT_LOC_STRINGS = YES;
				SWIFT_VERSION = 5.0;
			};
			name = Release;
		};
		C33B2D472AE9AE4100DF53A9 /* Debug */ = {
			isa = XCBuildConfiguration;
			buildSettings = {
				ALWAYS_EMBED_SWIFT_STANDARD_LIBRARIES = YES;
				BUNDLE_LOADER = "$(TEST_HOST)";
				CODE_SIGN_STYLE = Automatic;
				CURRENT_PROJECT_VERSION = 1;
				DEVELOPMENT_TEAM = L752KAGG62;
				GENERATE_INFOPLIST_FILE = YES;
				MACOSX_DEPLOYMENT_TARGET = 14.0;
				MARKETING_VERSION = 1.0;
				PRODUCT_BUNDLE_IDENTIFIER = com.risbeck.WatTheDataTests;
				PRODUCT_NAME = "$(TARGET_NAME)";
				SWIFT_EMIT_LOC_STRINGS = NO;
				SWIFT_VERSION = 5.0;
				TEST_HOST = "$(BUILT_PRODUCTS_DIR)/WatTheData.app/$(BUNDLE_EXECUTABLE_FOLDER_PATH)/WatTheData";
			};
			name = Debug;
		};
		C33B2D482AE9AE4100DF53A9 /* Release */ = {
			isa = XCBuildConfiguration;
			buildSettings = {
				ALWAYS_EMBED_SWIFT_STANDARD_LIBRARIES = YES;
				BUNDLE_LOADER = "$(TEST_HOST)";
				CODE_SIGN_STYLE = Automatic;
				CURRENT_PROJECT_VERSION = 1;
				DEVELOPMENT_TEAM = L752KAGG62;
				GENERATE_INFOPLIST_FILE = YES;
				MACOSX_DEPLOYMENT_TARGET = 14.0;
				MARKETING_VERSION = 1.0;
				PRODUCT_BUNDLE_IDENTIFIER = com.risbeck.WatTheDataTests;
				PRODUCT_NAME = "$(TARGET_NAME)";
				SWIFT_EMIT_LOC_STRINGS = NO;
				SWIFT_VERSION = 5.0;
				TEST_HOST = "$(BUILT_PRODUCTS_DIR)/WatTheData.app/$(BUNDLE_EXECUTABLE_FOLDER_PATH)/WatTheData";
			};
			name = Release;
		};
		C33B2D4A2AE9AE4100DF53A9 /* Debug */ = {
			isa = XCBuildConfiguration;
			buildSettings = {
				ALWAYS_EMBED_SWIFT_STANDARD_LIBRARIES = YES;
				CODE_SIGN_STYLE = Automatic;
				CURRENT_PROJECT_VERSION = 1;
				DEVELOPMENT_TEAM = L752KAGG62;
				GENERATE_INFOPLIST_FILE = YES;
				MARKETING_VERSION = 1.0;
				PRODUCT_BUNDLE_IDENTIFIER = com.risbeck.WatTheDataUITests;
				PRODUCT_NAME = "$(TARGET_NAME)";
				SWIFT_EMIT_LOC_STRINGS = NO;
				SWIFT_VERSION = 5.0;
				TEST_TARGET_NAME = WatTheData;
			};
			name = Debug;
		};
		C33B2D4B2AE9AE4100DF53A9 /* Release */ = {
			isa = XCBuildConfiguration;
			buildSettings = {
				ALWAYS_EMBED_SWIFT_STANDARD_LIBRARIES = YES;
				CODE_SIGN_STYLE = Automatic;
				CURRENT_PROJECT_VERSION = 1;
				DEVELOPMENT_TEAM = L752KAGG62;
				GENERATE_INFOPLIST_FILE = YES;
				MARKETING_VERSION = 1.0;
				PRODUCT_BUNDLE_IDENTIFIER = com.risbeck.WatTheDataUITests;
				PRODUCT_NAME = "$(TARGET_NAME)";
				SWIFT_EMIT_LOC_STRINGS = NO;
				SWIFT_VERSION = 5.0;
				TEST_TARGET_NAME = WatTheData;
			};
			name = Release;
		};
/* End XCBuildConfiguration section */

/* Begin XCConfigurationList section */
		C33B2D172AE9AE4000DF53A9 /* Build configuration list for PBXProject "WatTheData" */ = {
			isa = XCConfigurationList;
			buildConfigurations = (
				C33B2D412AE9AE4100DF53A9 /* Debug */,
				C33B2D422AE9AE4100DF53A9 /* Release */,
			);
			defaultConfigurationIsVisible = 0;
			defaultConfigurationName = Release;
		};
		C33B2D432AE9AE4100DF53A9 /* Build configuration list for PBXNativeTarget "WatTheData" */ = {
			isa = XCConfigurationList;
			buildConfigurations = (
				C33B2D442AE9AE4100DF53A9 /* Debug */,
				C33B2D452AE9AE4100DF53A9 /* Release */,
			);
			defaultConfigurationIsVisible = 0;
			defaultConfigurationName = Release;
		};
		C33B2D462AE9AE4100DF53A9 /* Build configuration list for PBXNativeTarget "WatTheDataTests" */ = {
			isa = XCConfigurationList;
			buildConfigurations = (
				C33B2D472AE9AE4100DF53A9 /* Debug */,
				C33B2D482AE9AE4100DF53A9 /* Release */,
			);
			defaultConfigurationIsVisible = 0;
			defaultConfigurationName = Release;
		};
		C33B2D492AE9AE4100DF53A9 /* Build configuration list for PBXNativeTarget "WatTheDataUITests" */ = {
			isa = XCConfigurationList;
			buildConfigurations = (
				C33B2D4A2AE9AE4100DF53A9 /* Debug */,
				C33B2D4B2AE9AE4100DF53A9 /* Release */,
			);
			defaultConfigurationIsVisible = 0;
			defaultConfigurationName = Release;
		};
/* End XCConfigurationList section */
	};
	rootObject = C33B2D142AE9AE4000DF53A9 /* Project object */;
}
